// !$*UTF8*$!
{
	archiveVersion = 1;
	classes = {
	};
	objectVersion = 56;
	objects = {

/* Begin PBXBuildFile section */
		D05EA2592B6A5E84009BDA16 /* AppDelegate.swift in Sources */ = {isa = PBXBuildFile; fileRef = D05EA2582B6A5E84009BDA16 /* AppDelegate.swift */; };
		D05EA25B2B6A5E84009BDA16 /* SceneDelegate.swift in Sources */ = {isa = PBXBuildFile; fileRef = D05EA25A2B6A5E84009BDA16 /* SceneDelegate.swift */; };
		D05EA25D2B6A5E84009BDA16 /* MainViewController.swift in Sources */ = {isa = PBXBuildFile; fileRef = D05EA25C2B6A5E84009BDA16 /* MainViewController.swift */; };
		D05EA2602B6A5E84009BDA16 /* Main.storyboard in Resources */ = {isa = PBXBuildFile; fileRef = D05EA25E2B6A5E84009BDA16 /* Main.storyboard */; };
		D05EA2632B6A5E84009BDA16 /* TrendingMovies.xcdatamodeld in Sources */ = {isa = PBXBuildFile; fileRef = D05EA2612B6A5E84009BDA16 /* TrendingMovies.xcdatamodeld */; };
		D05EA2652B6A5E87009BDA16 /* Assets.xcassets in Resources */ = {isa = PBXBuildFile; fileRef = D05EA2642B6A5E87009BDA16 /* Assets.xcassets */; };
		D05EA2682B6A5E87009BDA16 /* LaunchScreen.storyboard in Resources */ = {isa = PBXBuildFile; fileRef = D05EA2662B6A5E87009BDA16 /* LaunchScreen.storyboard */; };
		D05EA27A2B6B8478009BDA16 /* SnapKit in Frameworks */ = {isa = PBXBuildFile; productRef = D05EA2792B6B8478009BDA16 /* SnapKit */; };
		D05EA27C2B6B8478009BDA16 /* SnapKit-Dynamic in Frameworks */ = {isa = PBXBuildFile; productRef = D05EA27B2B6B8478009BDA16 /* SnapKit-Dynamic */; };
		D05EA27E2B6B8512009BDA16 /* MainViewModel.swift in Sources */ = {isa = PBXBuildFile; fileRef = D05EA27D2B6B8512009BDA16 /* MainViewModel.swift */; };
		D05EA2802B6B8A51009BDA16 /* NetworkConstants.swift in Sources */ = {isa = PBXBuildFile; fileRef = D05EA27F2B6B8A51009BDA16 /* NetworkConstants.swift */; };
		D05EA2822B6B8C40009BDA16 /* APICaller.swift in Sources */ = {isa = PBXBuildFile; fileRef = D05EA2812B6B8C40009BDA16 /* APICaller.swift */; };
		D05EA2842B6B8C80009BDA16 /* TrendingMoviesModel.swift in Sources */ = {isa = PBXBuildFile; fileRef = D05EA2832B6B8C80009BDA16 /* TrendingMoviesModel.swift */; };
		D05EA2862B6BA2D0009BDA16 /* Observable.swift in Sources */ = {isa = PBXBuildFile; fileRef = D05EA2852B6BA2D0009BDA16 /* Observable.swift */; };
		D05EA2882B6BBC16009BDA16 /* UIViewExtensions.swift in Sources */ = {isa = PBXBuildFile; fileRef = D05EA2872B6BBC16009BDA16 /* UIViewExtensions.swift */; };
		D05EA28A2B6BBC3F009BDA16 /* MovieTableViewCell.swift in Sources */ = {isa = PBXBuildFile; fileRef = D05EA2892B6BBC3F009BDA16 /* MovieTableViewCell.swift */; };
		D05EA28D2B6CDCEA009BDA16 /* SDWebImage in Frameworks */ = {isa = PBXBuildFile; productRef = D05EA28C2B6CDCEA009BDA16 /* SDWebImage */; };
		D05EA28F2B6CDCEA009BDA16 /* SDWebImageMapKit in Frameworks */ = {isa = PBXBuildFile; productRef = D05EA28E2B6CDCEA009BDA16 /* SDWebImageMapKit */; };
		D05EA2912B6CE742009BDA16 /* MovieTableCellViewModel.swift in Sources */ = {isa = PBXBuildFile; fileRef = D05EA2902B6CE742009BDA16 /* MovieTableCellViewModel.swift */; };
		D05EA2932B6D98D6009BDA16 /* DetailsMovieViewModel.swift in Sources */ = {isa = PBXBuildFile; fileRef = D05EA2922B6D98D6009BDA16 /* DetailsMovieViewModel.swift */; };
		D05EA2952B6D990D009BDA16 /* DetailsMovieViewController.swift in Sources */ = {isa = PBXBuildFile; fileRef = D05EA2942B6D990D009BDA16 /* DetailsMovieViewController.swift */; };
/* End PBXBuildFile section */

/* Begin PBXFileReference section */
		D05EA2552B6A5E84009BDA16 /* TrendingMovies.app */ = {isa = PBXFileReference; explicitFileType = wrapper.application; includeInIndex = 0; path = TrendingMovies.app; sourceTree = BUILT_PRODUCTS_DIR; };
		D05EA2582B6A5E84009BDA16 /* AppDelegate.swift */ = {isa = PBXFileReference; lastKnownFileType = sourcecode.swift; path = AppDelegate.swift; sourceTree = "<group>"; };
		D05EA25A2B6A5E84009BDA16 /* SceneDelegate.swift */ = {isa = PBXFileReference; lastKnownFileType = sourcecode.swift; path = SceneDelegate.swift; sourceTree = "<group>"; };
		D05EA25C2B6A5E84009BDA16 /* MainViewController.swift */ = {isa = PBXFileReference; lastKnownFileType = sourcecode.swift; path = MainViewController.swift; sourceTree = "<group>"; };
		D05EA25F2B6A5E84009BDA16 /* Base */ = {isa = PBXFileReference; lastKnownFileType = file.storyboard; name = Base; path = Base.lproj/Main.storyboard; sourceTree = "<group>"; };
		D05EA2622B6A5E84009BDA16 /* TrendingMovies.xcdatamodel */ = {isa = PBXFileReference; lastKnownFileType = wrapper.xcdatamodel; path = TrendingMovies.xcdatamodel; sourceTree = "<group>"; };
		D05EA2642B6A5E87009BDA16 /* Assets.xcassets */ = {isa = PBXFileReference; lastKnownFileType = folder.assetcatalog; path = Assets.xcassets; sourceTree = "<group>"; };
		D05EA2672B6A5E87009BDA16 /* Base */ = {isa = PBXFileReference; lastKnownFileType = file.storyboard; name = Base; path = Base.lproj/LaunchScreen.storyboard; sourceTree = "<group>"; };
		D05EA2692B6A5E87009BDA16 /* Info.plist */ = {isa = PBXFileReference; lastKnownFileType = text.plist.xml; path = Info.plist; sourceTree = "<group>"; };
		D05EA27D2B6B8512009BDA16 /* MainViewModel.swift */ = {isa = PBXFileReference; lastKnownFileType = sourcecode.swift; path = MainViewModel.swift; sourceTree = "<group>"; };
		D05EA27F2B6B8A51009BDA16 /* NetworkConstants.swift */ = {isa = PBXFileReference; lastKnownFileType = sourcecode.swift; path = NetworkConstants.swift; sourceTree = "<group>"; };
		D05EA2812B6B8C40009BDA16 /* APICaller.swift */ = {isa = PBXFileReference; lastKnownFileType = sourcecode.swift; path = APICaller.swift; sourceTree = "<group>"; };
		D05EA2832B6B8C80009BDA16 /* TrendingMoviesModel.swift */ = {isa = PBXFileReference; lastKnownFileType = sourcecode.swift; path = TrendingMoviesModel.swift; sourceTree = "<group>"; };
		D05EA2852B6BA2D0009BDA16 /* Observable.swift */ = {isa = PBXFileReference; lastKnownFileType = sourcecode.swift; path = Observable.swift; sourceTree = "<group>"; };
		D05EA2872B6BBC16009BDA16 /* UIViewExtensions.swift */ = {isa = PBXFileReference; lastKnownFileType = sourcecode.swift; path = UIViewExtensions.swift; sourceTree = "<group>"; };
		D05EA2892B6BBC3F009BDA16 /* MovieTableViewCell.swift */ = {isa = PBXFileReference; lastKnownFileType = sourcecode.swift; path = MovieTableViewCell.swift; sourceTree = "<group>"; };
		D05EA2902B6CE742009BDA16 /* MovieTableCellViewModel.swift */ = {isa = PBXFileReference; lastKnownFileType = sourcecode.swift; path = MovieTableCellViewModel.swift; sourceTree = "<group>"; };
		D05EA2922B6D98D6009BDA16 /* DetailsMovieViewModel.swift */ = {isa = PBXFileReference; lastKnownFileType = sourcecode.swift; path = DetailsMovieViewModel.swift; sourceTree = "<group>"; };
		D05EA2942B6D990D009BDA16 /* DetailsMovieViewController.swift */ = {isa = PBXFileReference; lastKnownFileType = sourcecode.swift; path = DetailsMovieViewController.swift; sourceTree = "<group>"; };
/* End PBXFileReference section */

/* Begin PBXFrameworksBuildPhase section */
		D05EA2522B6A5E84009BDA16 /* Frameworks */ = {
			isa = PBXFrameworksBuildPhase;
			buildActionMask = 2147483647;
			files = (
				D05EA28D2B6CDCEA009BDA16 /* SDWebImage in Frameworks */,
				D05EA27A2B6B8478009BDA16 /* SnapKit in Frameworks */,
				D05EA28F2B6CDCEA009BDA16 /* SDWebImageMapKit in Frameworks */,
				D05EA27C2B6B8478009BDA16 /* SnapKit-Dynamic in Frameworks */,
			);
			runOnlyForDeploymentPostprocessing = 0;
		};
/* End PBXFrameworksBuildPhase section */

/* Begin PBXGroup section */
		D05EA24C2B6A5E83009BDA16 = {
			isa = PBXGroup;
			children = (
				D05EA2572B6A5E84009BDA16 /* TrendingMovies */,
				D05EA2562B6A5E84009BDA16 /* Products */,
			);
			sourceTree = "<group>";
		};
		D05EA2562B6A5E84009BDA16 /* Products */ = {
			isa = PBXGroup;
			children = (
				D05EA2552B6A5E84009BDA16 /* TrendingMovies.app */,
			);
			name = Products;
			sourceTree = "<group>";
		};
		D05EA2572B6A5E84009BDA16 /* TrendingMovies */ = {
			isa = PBXGroup;
			children = (
				D05EA2762B6B810F009BDA16 /* View */,
				D05EA2752B6B8104009BDA16 /* ViewModel */,
				D05EA2742B6B80F9009BDA16 /* Controllers */,
				D05EA2732B6B80E7009BDA16 /* Model */,
				D05EA2722B6B80DF009BDA16 /* Classes */,
				D05EA2712B6B80D5009BDA16 /* Resources */,
				D05EA2702B6B80CB009BDA16 /* Extensions */,
				D05EA26F2B6B80C0009BDA16 /* Networking */,
				D05EA2582B6A5E84009BDA16 /* AppDelegate.swift */,
				D05EA25A2B6A5E84009BDA16 /* SceneDelegate.swift */,
				D05EA2692B6A5E87009BDA16 /* Info.plist */,
			);
			path = TrendingMovies;
			sourceTree = "<group>";
		};
		D05EA26F2B6B80C0009BDA16 /* Networking */ = {
			isa = PBXGroup;
			children = (
				D05EA2612B6A5E84009BDA16 /* TrendingMovies.xcdatamodeld */,
				D05EA27F2B6B8A51009BDA16 /* NetworkConstants.swift */,
				D05EA2812B6B8C40009BDA16 /* APICaller.swift */,
			);
			path = Networking;
			sourceTree = "<group>";
		};
		D05EA2702B6B80CB009BDA16 /* Extensions */ = {
			isa = PBXGroup;
			children = (
				D05EA2872B6BBC16009BDA16 /* UIViewExtensions.swift */,
			);
			path = Extensions;
			sourceTree = "<group>";
		};
		D05EA2712B6B80D5009BDA16 /* Resources */ = {
			isa = PBXGroup;
			children = (
				D05EA2642B6A5E87009BDA16 /* Assets.xcassets */,
			);
			path = Resources;
			sourceTree = "<group>";
		};
		D05EA2722B6B80DF009BDA16 /* Classes */ = {
			isa = PBXGroup;
			children = (
				D05EA2852B6BA2D0009BDA16 /* Observable.swift */,
			);
			path = Classes;
			sourceTree = "<group>";
		};
		D05EA2732B6B80E7009BDA16 /* Model */ = {
			isa = PBXGroup;
			children = (
				D05EA2832B6B8C80009BDA16 /* TrendingMoviesModel.swift */,
			);
			path = Model;
			sourceTree = "<group>";
		};
		D05EA2742B6B80F9009BDA16 /* Controllers */ = {
			isa = PBXGroup;
			children = (
				D05EA2772B6B811E009BDA16 /* MainViewController */,
			);
			path = Controllers;
			sourceTree = "<group>";
		};
		D05EA2752B6B8104009BDA16 /* ViewModel */ = {
			isa = PBXGroup;
			children = (
				D05EA27D2B6B8512009BDA16 /* MainViewModel.swift */,
				D05EA2902B6CE742009BDA16 /* MovieTableCellViewModel.swift */,
				D05EA2922B6D98D6009BDA16 /* DetailsMovieViewModel.swift */,
			);
			path = ViewModel;
			sourceTree = "<group>";
		};
		D05EA2762B6B810F009BDA16 /* View */ = {
			isa = PBXGroup;
			children = (
				D05EA25E2B6A5E84009BDA16 /* Main.storyboard */,
				D05EA2662B6A5E87009BDA16 /* LaunchScreen.storyboard */,
				D05EA2892B6BBC3F009BDA16 /* MovieTableViewCell.swift */,
			);
			path = View;
			sourceTree = "<group>";
		};
		D05EA2772B6B811E009BDA16 /* MainViewController */ = {
			isa = PBXGroup;
			children = (
				D05EA25C2B6A5E84009BDA16 /* MainViewController.swift */,
				D05EA2942B6D990D009BDA16 /* DetailsMovieViewController.swift */,
			);
			path = MainViewController;
			sourceTree = "<group>";
		};
/* End PBXGroup section */

/* Begin PBXNativeTarget section */
		D05EA2542B6A5E84009BDA16 /* TrendingMovies */ = {
			isa = PBXNativeTarget;
			buildConfigurationList = D05EA26C2B6A5E87009BDA16 /* Build configuration list for PBXNativeTarget "TrendingMovies" */;
			buildPhases = (
				D05EA2512B6A5E84009BDA16 /* Sources */,
				D05EA2522B6A5E84009BDA16 /* Frameworks */,
				D05EA2532B6A5E84009BDA16 /* Resources */,
			);
			buildRules = (
			);
			dependencies = (
			);
			name = TrendingMovies;
			packageProductDependencies = (
				D05EA2792B6B8478009BDA16 /* SnapKit */,
				D05EA27B2B6B8478009BDA16 /* SnapKit-Dynamic */,
				D05EA28C2B6CDCEA009BDA16 /* SDWebImage */,
				D05EA28E2B6CDCEA009BDA16 /* SDWebImageMapKit */,
			);
			productName = TrendingMovies;
			productReference = D05EA2552B6A5E84009BDA16 /* TrendingMovies.app */;
			productType = "com.apple.product-type.application";
		};
/* End PBXNativeTarget section */

/* Begin PBXProject section */
		D05EA24D2B6A5E83009BDA16 /* Project object */ = {
			isa = PBXProject;
			attributes = {
				BuildIndependentTargetsInParallel = 1;
				LastSwiftUpdateCheck = 1500;
				LastUpgradeCheck = 1500;
				TargetAttributes = {
					D05EA2542B6A5E84009BDA16 = {
						CreatedOnToolsVersion = 15.0;
					};
				};
			};
			buildConfigurationList = D05EA2502B6A5E83009BDA16 /* Build configuration list for PBXProject "TrendingMovies" */;
			compatibilityVersion = "Xcode 14.0";
			developmentRegion = en;
			hasScannedForEncodings = 0;
			knownRegions = (
				en,
				Base,
			);
			mainGroup = D05EA24C2B6A5E83009BDA16;
			packageReferences = (
				D05EA2782B6B8478009BDA16 /* XCRemoteSwiftPackageReference "SnapKit" */,
				D05EA28B2B6CDCEA009BDA16 /* XCRemoteSwiftPackageReference "SDWebImage" */,
			);
			productRefGroup = D05EA2562B6A5E84009BDA16 /* Products */;
			projectDirPath = "";
			projectRoot = "";
			targets = (
				D05EA2542B6A5E84009BDA16 /* TrendingMovies */,
			);
		};
/* End PBXProject section */

/* Begin PBXResourcesBuildPhase section */
		D05EA2532B6A5E84009BDA16 /* Resources */ = {
			isa = PBXResourcesBuildPhase;
			buildActionMask = 2147483647;
			files = (
				D05EA2682B6A5E87009BDA16 /* LaunchScreen.storyboard in Resources */,
				D05EA2652B6A5E87009BDA16 /* Assets.xcassets in Resources */,
				D05EA2602B6A5E84009BDA16 /* Main.storyboard in Resources */,
			);
			runOnlyForDeploymentPostprocessing = 0;
		};
/* End PBXResourcesBuildPhase section */

/* Begin PBXSourcesBuildPhase section */
		D05EA2512B6A5E84009BDA16 /* Sources */ = {
			isa = PBXSourcesBuildPhase;
			buildActionMask = 2147483647;
			files = (
				D05EA2802B6B8A51009BDA16 /* NetworkConstants.swift in Sources */,
				D05EA27E2B6B8512009BDA16 /* MainViewModel.swift in Sources */,
				D05EA25D2B6A5E84009BDA16 /* MainViewController.swift in Sources */,
				D05EA2842B6B8C80009BDA16 /* TrendingMoviesModel.swift in Sources */,
				D05EA2862B6BA2D0009BDA16 /* Observable.swift in Sources */,
				D05EA2822B6B8C40009BDA16 /* APICaller.swift in Sources */,
				D05EA2882B6BBC16009BDA16 /* UIViewExtensions.swift in Sources */,
				D05EA2632B6A5E84009BDA16 /* TrendingMovies.xcdatamodeld in Sources */,
				D05EA2952B6D990D009BDA16 /* DetailsMovieViewController.swift in Sources */,
				D05EA2912B6CE742009BDA16 /* MovieTableCellViewModel.swift in Sources */,
				D05EA2592B6A5E84009BDA16 /* AppDelegate.swift in Sources */,
				D05EA2932B6D98D6009BDA16 /* DetailsMovieViewModel.swift in Sources */,
				D05EA28A2B6BBC3F009BDA16 /* MovieTableViewCell.swift in Sources */,
				D05EA25B2B6A5E84009BDA16 /* SceneDelegate.swift in Sources */,
			);
			runOnlyForDeploymentPostprocessing = 0;
		};
/* End PBXSourcesBuildPhase section */

/* Begin PBXVariantGroup section */
		D05EA25E2B6A5E84009BDA16 /* Main.storyboard */ = {
			isa = PBXVariantGroup;
			children = (
				D05EA25F2B6A5E84009BDA16 /* Base */,
			);
			name = Main.storyboard;
			sourceTree = "<group>";
		};
		D05EA2662B6A5E87009BDA16 /* LaunchScreen.storyboard */ = {
			isa = PBXVariantGroup;
			children = (
				D05EA2672B6A5E87009BDA16 /* Base */,
			);
			name = LaunchScreen.storyboard;
			sourceTree = "<group>";
		};
/* End PBXVariantGroup section */

/* Begin XCBuildConfiguration section */
		D05EA26A2B6A5E87009BDA16 /* Debug */ = {
			isa = XCBuildConfiguration;
			buildSettings = {
				ALWAYS_SEARCH_USER_PATHS = NO;
				ASSETCATALOG_COMPILER_GENERATE_SWIFT_ASSET_SYMBOL_EXTENSIONS = YES;
				CLANG_ANALYZER_NONNULL = YES;
				CLANG_ANALYZER_NUMBER_OBJECT_CONVERSION = YES_AGGRESSIVE;
				CLANG_CXX_LANGUAGE_STANDARD = "gnu++20";
				CLANG_ENABLE_MODULES = YES;
				CLANG_ENABLE_OBJC_ARC = YES;
				CLANG_ENABLE_OBJC_WEAK = YES;
				CLANG_WARN_BLOCK_CAPTURE_AUTORELEASING = YES;
				CLANG_WARN_BOOL_CONVERSION = YES;
				CLANG_WARN_COMMA = YES;
				CLANG_WARN_CONSTANT_CONVERSION = YES;
				CLANG_WARN_DEPRECATED_OBJC_IMPLEMENTATIONS = YES;
				CLANG_WARN_DIRECT_OBJC_ISA_USAGE = YES_ERROR;
				CLANG_WARN_DOCUMENTATION_COMMENTS = YES;
				CLANG_WARN_EMPTY_BODY = YES;
				CLANG_WARN_ENUM_CONVERSION = YES;
				CLANG_WARN_INFINITE_RECURSION = YES;
				CLANG_WARN_INT_CONVERSION = YES;
				CLANG_WARN_NON_LITERAL_NULL_CONVERSION = YES;
				CLANG_WARN_OBJC_IMPLICIT_RETAIN_SELF = YES;
				CLANG_WARN_OBJC_LITERAL_CONVERSION = YES;
				CLANG_WARN_OBJC_ROOT_CLASS = YES_ERROR;
				CLANG_WARN_QUOTED_INCLUDE_IN_FRAMEWORK_HEADER = YES;
				CLANG_WARN_RANGE_LOOP_ANALYSIS = YES;
				CLANG_WARN_STRICT_PROTOTYPES = YES;
				CLANG_WARN_SUSPICIOUS_MOVE = YES;
				CLANG_WARN_UNGUARDED_AVAILABILITY = YES_AGGRESSIVE;
				CLANG_WARN_UNREACHABLE_CODE = YES;
				CLANG_WARN__DUPLICATE_METHOD_MATCH = YES;
				COPY_PHASE_STRIP = NO;
				DEBUG_INFORMATION_FORMAT = dwarf;
				ENABLE_STRICT_OBJC_MSGSEND = YES;
				ENABLE_TESTABILITY = YES;
				ENABLE_USER_SCRIPT_SANDBOXING = YES;
				GCC_C_LANGUAGE_STANDARD = gnu17;
				GCC_DYNAMIC_NO_PIC = NO;
				GCC_NO_COMMON_BLOCKS = YES;
				GCC_OPTIMIZATION_LEVEL = 0;
				GCC_PREPROCESSOR_DEFINITIONS = (
					"DEBUG=1",
					"$(inherited)",
				);
				GCC_WARN_64_TO_32_BIT_CONVERSION = YES;
				GCC_WARN_ABOUT_RETURN_TYPE = YES_ERROR;
				GCC_WARN_UNDECLARED_SELECTOR = YES;
				GCC_WARN_UNINITIALIZED_AUTOS = YES_AGGRESSIVE;
				GCC_WARN_UNUSED_FUNCTION = YES;
				GCC_WARN_UNUSED_VARIABLE = YES;
				IPHONEOS_DEPLOYMENT_TARGET = 17.0;
				LOCALIZATION_PREFERS_STRING_CATALOGS = YES;
				MTL_ENABLE_DEBUG_INFO = INCLUDE_SOURCE;
				MTL_FAST_MATH = YES;
				ONLY_ACTIVE_ARCH = YES;
				SDKROOT = iphoneos;
				SWIFT_ACTIVE_COMPILATION_CONDITIONS = "DEBUG $(inherited)";
				SWIFT_OPTIMIZATION_LEVEL = "-Onone";
			};
			name = Debug;
		};
		D05EA26B2B6A5E87009BDA16 /* Release */ = {
			isa = XCBuildConfiguration;
			buildSettings = {
				ALWAYS_SEARCH_USER_PATHS = NO;
				ASSETCATALOG_COMPILER_GENERATE_SWIFT_ASSET_SYMBOL_EXTENSIONS = YES;
				CLANG_ANALYZER_NONNULL = YES;
				CLANG_ANALYZER_NUMBER_OBJECT_CONVERSION = YES_AGGRESSIVE;
				CLANG_CXX_LANGUAGE_STANDARD = "gnu++20";
				CLANG_ENABLE_MODULES = YES;
				CLANG_ENABLE_OBJC_ARC = YES;
				CLANG_ENABLE_OBJC_WEAK = YES;
				CLANG_WARN_BLOCK_CAPTURE_AUTORELEASING = YES;
				CLANG_WARN_BOOL_CONVERSION = YES;
				CLANG_WARN_COMMA = YES;
				CLANG_WARN_CONSTANT_CONVERSION = YES;
				CLANG_WARN_DEPRECATED_OBJC_IMPLEMENTATIONS = YES;
				CLANG_WARN_DIRECT_OBJC_ISA_USAGE = YES_ERROR;
				CLANG_WARN_DOCUMENTATION_COMMENTS = YES;
				CLANG_WARN_EMPTY_BODY = YES;
				CLANG_WARN_ENUM_CONVERSION = YES;
				CLANG_WARN_INFINITE_RECURSION = YES;
				CLANG_WARN_INT_CONVERSION = YES;
				CLANG_WARN_NON_LITERAL_NULL_CONVERSION = YES;
				CLANG_WARN_OBJC_IMPLICIT_RETAIN_SELF = YES;
				CLANG_WARN_OBJC_LITERAL_CONVERSION = YES;
				CLANG_WARN_OBJC_ROOT_CLASS = YES_ERROR;
				CLANG_WARN_QUOTED_INCLUDE_IN_FRAMEWORK_HEADER = YES;
				CLANG_WARN_RANGE_LOOP_ANALYSIS = YES;
				CLANG_WARN_STRICT_PROTOTYPES = YES;
				CLANG_WARN_SUSPICIOUS_MOVE = YES;
				CLANG_WARN_UNGUARDED_AVAILABILITY = YES_AGGRESSIVE;
				CLANG_WARN_UNREACHABLE_CODE = YES;
				CLANG_WARN__DUPLICATE_METHOD_MATCH = YES;
				COPY_PHASE_STRIP = NO;
				DEBUG_INFORMATION_FORMAT = "dwarf-with-dsym";
				ENABLE_NS_ASSERTIONS = NO;
				ENABLE_STRICT_OBJC_MSGSEND = YES;
				ENABLE_USER_SCRIPT_SANDBOXING = YES;
				GCC_C_LANGUAGE_STANDARD = gnu17;
				GCC_NO_COMMON_BLOCKS = YES;
				GCC_WARN_64_TO_32_BIT_CONVERSION = YES;
				GCC_WARN_ABOUT_RETURN_TYPE = YES_ERROR;
				GCC_WARN_UNDECLARED_SELECTOR = YES;
				GCC_WARN_UNINITIALIZED_AUTOS = YES_AGGRESSIVE;
				GCC_WARN_UNUSED_FUNCTION = YES;
				GCC_WARN_UNUSED_VARIABLE = YES;
				IPHONEOS_DEPLOYMENT_TARGET = 17.0;
				LOCALIZATION_PREFERS_STRING_CATALOGS = YES;
				MTL_ENABLE_DEBUG_INFO = NO;
				MTL_FAST_MATH = YES;
				SDKROOT = iphoneos;
				SWIFT_COMPILATION_MODE = wholemodule;
				VALIDATE_PRODUCT = YES;
			};
			name = Release;
		};
		D05EA26D2B6A5E87009BDA16 /* Debug */ = {
			isa = XCBuildConfiguration;
			buildSettings = {
				ASSETCATALOG_COMPILER_APPICON_NAME = AppIcon;
				ASSETCATALOG_COMPILER_GLOBAL_ACCENT_COLOR_NAME = AccentColor;
				CODE_SIGN_STYLE = Automatic;
				CURRENT_PROJECT_VERSION = 1;
				DEVELOPMENT_TEAM = XUYG7TPG2C;
				GENERATE_INFOPLIST_FILE = YES;
				INFOPLIST_FILE = TrendingMovies/Info.plist;
				INFOPLIST_KEY_UIApplicationSupportsIndirectInputEvents = YES;
				INFOPLIST_KEY_UILaunchStoryboardName = LaunchScreen;
				INFOPLIST_KEY_UIMainStoryboardFile = Main;
				INFOPLIST_KEY_UISupportedInterfaceOrientations_iPad = "UIInterfaceOrientationPortrait UIInterfaceOrientationPortraitUpsideDown UIInterfaceOrientationLandscapeLeft UIInterfaceOrientationLandscapeRight";
				INFOPLIST_KEY_UISupportedInterfaceOrientations_iPhone = "UIInterfaceOrientationPortrait UIInterfaceOrientationLandscapeLeft UIInterfaceOrientationLandscapeRight";
				LD_RUNPATH_SEARCH_PATHS = (
					"$(inherited)",
					"@executable_path/Frameworks",
				);
				MARKETING_VERSION = 1.0;
				PRODUCT_BUNDLE_IDENTIFIER = com.bolotska.TrendingMovies;
				PRODUCT_NAME = "$(TARGET_NAME)";
				SWIFT_EMIT_LOC_STRINGS = YES;
				SWIFT_VERSION = 5.0;
				TARGETED_DEVICE_FAMILY = "1,2";
			};
			name = Debug;
		};
		D05EA26E2B6A5E87009BDA16 /* Release */ = {
			isa = XCBuildConfiguration;
			buildSettings = {
				ASSETCATALOG_COMPILER_APPICON_NAME = AppIcon;
				ASSETCATALOG_COMPILER_GLOBAL_ACCENT_COLOR_NAME = AccentColor;
				CODE_SIGN_STYLE = Automatic;
				CURRENT_PROJECT_VERSION = 1;
				DEVELOPMENT_TEAM = XUYG7TPG2C;
				GENERATE_INFOPLIST_FILE = YES;
				INFOPLIST_FILE = TrendingMovies/Info.plist;
				INFOPLIST_KEY_UIApplicationSupportsIndirectInputEvents = YES;
				INFOPLIST_KEY_UILaunchStoryboardName = LaunchScreen;
				INFOPLIST_KEY_UIMainStoryboardFile = Main;
				INFOPLIST_KEY_UISupportedInterfaceOrientations_iPad = "UIInterfaceOrientationPortrait UIInterfaceOrientationPortraitUpsideDown UIInterfaceOrientationLandscapeLeft UIInterfaceOrientationLandscapeRight";
				INFOPLIST_KEY_UISupportedInterfaceOrientations_iPhone = "UIInterfaceOrientationPortrait UIInterfaceOrientationLandscapeLeft UIInterfaceOrientationLandscapeRight";
				LD_RUNPATH_SEARCH_PATHS = (
					"$(inherited)",
					"@executable_path/Frameworks",
				);
				MARKETING_VERSION = 1.0;
				PRODUCT_BUNDLE_IDENTIFIER = com.bolotska.TrendingMovies;
				PRODUCT_NAME = "$(TARGET_NAME)";
				SWIFT_EMIT_LOC_STRINGS = YES;
				SWIFT_VERSION = 5.0;
				TARGETED_DEVICE_FAMILY = "1,2";
			};
			name = Release;
		};
/* End XCBuildConfiguration section */

/* Begin XCConfigurationList section */
		D05EA2502B6A5E83009BDA16 /* Build configuration list for PBXProject "TrendingMovies" */ = {
			isa = XCConfigurationList;
			buildConfigurations = (
				D05EA26A2B6A5E87009BDA16 /* Debug */,
				D05EA26B2B6A5E87009BDA16 /* Release */,
			);
			defaultConfigurationIsVisible = 0;
			defaultConfigurationName = Release;
		};
		D05EA26C2B6A5E87009BDA16 /* Build configuration list for PBXNativeTarget "TrendingMovies" */ = {
			isa = XCConfigurationList;
			buildConfigurations = (
				D05EA26D2B6A5E87009BDA16 /* Debug */,
				D05EA26E2B6A5E87009BDA16 /* Release */,
			);
			defaultConfigurationIsVisible = 0;
			defaultConfigurationName = Release;
		};
/* End XCConfigurationList section */

/* Begin XCRemoteSwiftPackageReference section */
		D05EA2782B6B8478009BDA16 /* XCRemoteSwiftPackageReference "SnapKit" */ = {
			isa = XCRemoteSwiftPackageReference;
			repositoryURL = "https://github.com/mabolotska/SnapKit";
			requirement = {
				branch = develop;
				kind = branch;
			};
		};
		D05EA28B2B6CDCEA009BDA16 /* XCRemoteSwiftPackageReference "SDWebImage" */ = {
			isa = XCRemoteSwiftPackageReference;
			repositoryURL = "https://github.com/SDWebImage/SDWebImage.git";
			requirement = {
				kind = upToNextMajorVersion;
				minimumVersion = 5.18.10;
			};
		};
/* End XCRemoteSwiftPackageReference section */

/* Begin XCSwiftPackageProductDependency section */
		D05EA2792B6B8478009BDA16 /* SnapKit */ = {
			isa = XCSwiftPackageProductDependency;
			package = D05EA2782B6B8478009BDA16 /* XCRemoteSwiftPackageReference "SnapKit" */;
			productName = SnapKit;
		};
		D05EA27B2B6B8478009BDA16 /* SnapKit-Dynamic */ = {
			isa = XCSwiftPackageProductDependency;
			package = D05EA2782B6B8478009BDA16 /* XCRemoteSwiftPackageReference "SnapKit" */;
			productName = "SnapKit-Dynamic";
		};
		D05EA28C2B6CDCEA009BDA16 /* SDWebImage */ = {
			isa = XCSwiftPackageProductDependency;
			package = D05EA28B2B6CDCEA009BDA16 /* XCRemoteSwiftPackageReference "SDWebImage" */;
			productName = SDWebImage;
		};
		D05EA28E2B6CDCEA009BDA16 /* SDWebImageMapKit */ = {
			isa = XCSwiftPackageProductDependency;
			package = D05EA28B2B6CDCEA009BDA16 /* XCRemoteSwiftPackageReference "SDWebImage" */;
			productName = SDWebImageMapKit;
		};
/* End XCSwiftPackageProductDependency section */

/* Begin XCVersionGroup section */
		D05EA2612B6A5E84009BDA16 /* TrendingMovies.xcdatamodeld */ = {
			isa = XCVersionGroup;
			children = (
				D05EA2622B6A5E84009BDA16 /* TrendingMovies.xcdatamodel */,
			);
			currentVersion = D05EA2622B6A5E84009BDA16 /* TrendingMovies.xcdatamodel */;
			path = TrendingMovies.xcdatamodeld;
			sourceTree = "<group>";
			versionGroupType = wrapper.xcdatamodel;
		};
/* End XCVersionGroup section */
	};
	rootObject = D05EA24D2B6A5E83009BDA16 /* Project object */;
}
